// !$*UTF8*$!
{
	archiveVersion = 1;
	classes = {
	};
	objectVersion = 46;
	objects = {

/* Begin PBXBuildFile section */
		D996A72D1C45B89900F3B2F9 /* main.cpp in Sources */ = {isa = PBXBuildFile; fileRef = D996A72C1C45B89900F3B2F9 /* main.cpp */; };
		D9EA8E001C46FC84004585CC /* EnumBitMask.cpp in Sources */ = {isa = PBXBuildFile; fileRef = D9EA8DFE1C46FC84004585CC /* EnumBitMask.cpp */; };
/* End PBXBuildFile section */

/* Begin PBXCopyFilesBuildPhase section */
		D996A7271C45B89900F3B2F9 /* CopyFiles */ = {
			isa = PBXCopyFilesBuildPhase;
			buildActionMask = 2147483647;
			dstPath = /usr/share/man/man1/;
			dstSubfolderSpec = 0;
			files = (
			);
			runOnlyForDeploymentPostprocessing = 1;
		};
/* End PBXCopyFilesBuildPhase section */

/* Begin PBXFileReference section */
		D996A7291C45B89900F3B2F9 /* SVGRasterizer */ = {isa = PBXFileReference; explicitFileType = "compiled.mach-o.executable"; includeInIndex = 0; path = SVGRasterizer; sourceTree = BUILT_PRODUCTS_DIR; };
		D996A72C1C45B89900F3B2F9 /* main.cpp */ = {isa = PBXFileReference; lastKnownFileType = sourcecode.cpp.cpp; path = main.cpp; sourceTree = "<group>"; };
		D9EA8DFE1C46FC84004585CC /* EnumBitMask.cpp */ = {isa = PBXFileReference; fileEncoding = 4; lastKnownFileType = sourcecode.cpp.cpp; path = EnumBitMask.cpp; sourceTree = "<group>"; };
		D9EA8DFF1C46FC84004585CC /* EnumBitMask.hpp */ = {isa = PBXFileReference; fileEncoding = 4; lastKnownFileType = sourcecode.cpp.h; path = EnumBitMask.hpp; sourceTree = "<group>"; };
		D9EA8E021C46FCAB004585CC /* catch.hpp */ = {isa = PBXFileReference; fileEncoding = 4; lastKnownFileType = sourcecode.cpp.h; path = catch.hpp; sourceTree = "<group>"; };
/* End PBXFileReference section */

/* Begin PBXFrameworksBuildPhase section */
		D996A7261C45B89900F3B2F9 /* Frameworks */ = {
			isa = PBXFrameworksBuildPhase;
			buildActionMask = 2147483647;
			files = (
			);
			runOnlyForDeploymentPostprocessing = 0;
		};
/* End PBXFrameworksBuildPhase section */

/* Begin PBXGroup section */
		D996A7201C45B89900F3B2F9 = {
			isa = PBXGroup;
			children = (
				D9EA8DFD1C46FC84004585CC /* EnumBitMask */,
				D996A72B1C45B89900F3B2F9 /* SVGRasterizer */,
				D996A72A1C45B89900F3B2F9 /* Products */,
			);
			sourceTree = "<group>";
		};
		D996A72A1C45B89900F3B2F9 /* Products */ = {
			isa = PBXGroup;
			children = (
				D996A7291C45B89900F3B2F9 /* SVGRasterizer */,
			);
			name = Products;
			sourceTree = "<group>";
		};
		D996A72B1C45B89900F3B2F9 /* SVGRasterizer */ = {
			isa = PBXGroup;
			children = (
				D996A72C1C45B89900F3B2F9 /* main.cpp */,
			);
			path = SVGRasterizer;
			sourceTree = "<group>";
		};
		D9EA8DFD1C46FC84004585CC /* EnumBitMask */ = {
			isa = PBXGroup;
			children = (
				D9EA8E011C46FCAB004585CC /* thirdparty */,
				D9EA8DFE1C46FC84004585CC /* EnumBitMask.cpp */,
				D9EA8DFF1C46FC84004585CC /* EnumBitMask.hpp */,
			);
			name = EnumBitMask;
			path = EnumBitMask/EnumBitMask;
			sourceTree = "<group>";
		};
		D9EA8E011C46FCAB004585CC /* thirdparty */ = {
			isa = PBXGroup;
			children = (
				D9EA8E021C46FCAB004585CC /* catch.hpp */,
			);
			name = thirdparty;
			path = EnumBitMask/thirdparty;
			sourceTree = SOURCE_ROOT;
		};
/* End PBXGroup section */

/* Begin PBXNativeTarget section */
		D996A7281C45B89900F3B2F9 /* SVGRasterizer */ = {
			isa = PBXNativeTarget;
			buildConfigurationList = D996A7301C45B89900F3B2F9 /* Build configuration list for PBXNativeTarget "SVGRasterizer" */;
			buildPhases = (
				D996A7251C45B89900F3B2F9 /* Sources */,
				D996A7261C45B89900F3B2F9 /* Frameworks */,
				D996A7271C45B89900F3B2F9 /* CopyFiles */,
			);
			buildRules = (
			);
			dependencies = (
			);
			name = SVGRasterizer;
			productName = SVGRasterizer;
			productReference = D996A7291C45B89900F3B2F9 /* SVGRasterizer */;
			productType = "com.apple.product-type.tool";
		};
/* End PBXNativeTarget section */

/* Begin PBXProject section */
		D996A7211C45B89900F3B2F9 /* Project object */ = {
			isa = PBXProject;
			attributes = {
				LastUpgradeCheck = 0720;
				ORGANIZATIONNAME = "Razvan Pascalau";
				TargetAttributes = {
					D996A7281C45B89900F3B2F9 = {
						CreatedOnToolsVersion = 7.2;
					};
				};
			};
			buildConfigurationList = D996A7241C45B89900F3B2F9 /* Build configuration list for PBXProject "SVGRasterizer" */;
			compatibilityVersion = "Xcode 3.2";
			developmentRegion = English;
			hasScannedForEncodings = 0;
			knownRegions = (
				en,
			);
			mainGroup = D996A7201C45B89900F3B2F9;
			productRefGroup = D996A72A1C45B89900F3B2F9 /* Products */;
			projectDirPath = "";
			projectRoot = "";
			targets = (
				D996A7281C45B89900F3B2F9 /* SVGRasterizer */,
			);
		};
/* End PBXProject section */

/* Begin PBXSourcesBuildPhase section */
		D996A7251C45B89900F3B2F9 /* Sources */ = {
			isa = PBXSourcesBuildPhase;
			buildActionMask = 2147483647;
			files = (
				D9EA8E001C46FC84004585CC /* EnumBitMask.cpp in Sources */,
				D996A72D1C45B89900F3B2F9 /* main.cpp in Sources */,
			);
			runOnlyForDeploymentPostprocessing = 0;
		};
/* End PBXSourcesBuildPhase section */

/* Begin XCBuildConfiguration section */
		D996A72E1C45B89900F3B2F9 /* Debug */ = {
			isa = XCBuildConfiguration;
			buildSettings = {
				ALWAYS_SEARCH_USER_PATHS = NO;
				CLANG_CXX_LANGUAGE_STANDARD = "gnu++0x";
				CLANG_CXX_LIBRARY = "libc++";
				CLANG_ENABLE_MODULES = YES;
				CLANG_ENABLE_OBJC_ARC = YES;
				CLANG_WARN_BOOL_CONVERSION = YES;
				CLANG_WARN_CONSTANT_CONVERSION = YES;
				CLANG_WARN_DIRECT_OBJC_ISA_USAGE = YES_ERROR;
				CLANG_WARN_EMPTY_BODY = YES;
				CLANG_WARN_ENUM_CONVERSION = YES;
				CLANG_WARN_INT_CONVERSION = YES;
				CLANG_WARN_OBJC_ROOT_CLASS = YES_ERROR;
				CLANG_WARN_UNREACHABLE_CODE = YES;
				CLANG_WARN__DUPLICATE_METHOD_MATCH = YES;
				CODE_SIGN_IDENTITY = "-";
				COPY_PHASE_STRIP = NO;
				DEBUG_INFORMATION_FORMAT = dwarf;
				ENABLE_STRICT_OBJC_MSGSEND = YES;
				ENABLE_TESTABILITY = YES;
				GCC_C_LANGUAGE_STANDARD = gnu99;
				GCC_DYNAMIC_NO_PIC = NO;
				GCC_NO_COMMON_BLOCKS = YES;
				GCC_OPTIMIZATION_LEVEL = 0;
				GCC_PREPROCESSOR_DEFINITIONS = (
					"DEBUG=1",
					"$(inherited)",
				);
				GCC_WARN_64_TO_32_BIT_CONVERSION = YES;
				GCC_WARN_ABOUT_RETURN_TYPE = YES_ERROR;
				GCC_WARN_UNDECLARED_SELECTOR = YES;
				GCC_WARN_UNINITIALIZED_AUTOS = YES_AGGRESSIVE;
				GCC_WARN_UNUSED_FUNCTION = YES;
				GCC_WARN_UNUSED_VARIABLE = YES;
				MACOSX_DEPLOYMENT_TARGET = 10.11;
				MTL_ENABLE_DEBUG_INFO = YES;
				ONLY_ACTIVE_ARCH = YES;
				SDKROOT = macosx;
			};
			name = Debug;
		};
		D996A72F1C45B89900F3B2F9 /* Release */ = {
			isa = XCBuildConfiguration;
			buildSettings = {
				ALWAYS_SEARCH_USER_PATHS = NO;
				CLANG_CXX_LANGUAGE_STANDARD = "gnu++0x";
				CLANG_CXX_LIBRARY = "libc++";
				CLANG_ENABLE_MODULES = YES;
				CLANG_ENABLE_OBJC_ARC = YES;
				CLANG_WARN_BOOL_CONVERSION = YES;
				CLANG_WARN_CONSTANT_CONVERSION = YES;
				CLANG_WARN_DIRECT_OBJC_ISA_USAGE = YES_ERROR;
				CLANG_WARN_EMPTY_BODY = YES;
				CLANG_WARN_ENUM_CONVERSION = YES;
				CLANG_WARN_INT_CONVERSION = YES;
				CLANG_WARN_OBJC_ROOT_CLASS = YES_ERROR;
				CLANG_WARN_UNREACHABLE_CODE = YES;
				CLANG_WARN__DUPLICATE_METHOD_MATCH = YES;
				CODE_SIGN_IDENTITY = "-";
				COPY_PHASE_STRIP = NO;
				DEBUG_INFORMATION_FORMAT = "dwarf-with-dsym";
				ENABLE_NS_ASSERTIONS = NO;
				ENABLE_STRICT_OBJC_MSGSEND = YES;
				GCC_C_LANGUAGE_STANDARD = gnu99;
				GCC_NO_COMMON_BLOCKS = YES;
				GCC_WARN_64_TO_32_BIT_CONVERSION = YES;
				GCC_WARN_ABOUT_RETURN_TYPE = YES_ERROR;
				GCC_WARN_UNDECLARED_SELECTOR = YES;
				GCC_WARN_UNINITIALIZED_AUTOS = YES_AGGRESSIVE;
				GCC_WARN_UNUSED_FUNCTION = YES;
				GCC_WARN_UNUSED_VARIABLE = YES;
				MACOSX_DEPLOYMENT_TARGET = 10.11;
				MTL_ENABLE_DEBUG_INFO = NO;
				SDKROOT = macosx;
			};
			name = Release;
		};
		D996A7311C45B89900F3B2F9 /* Debug */ = {
			isa = XCBuildConfiguration;
			buildSettings = {
				HEADER_SEARCH_PATHS = (
					./EnumBitmask/EnumBitMask,
					./EnumBitmask/unittests,
				);
				PRODUCT_NAME = "$(TARGET_NAME)";
			};
			name = Debug;
		};
		D996A7321C45B89900F3B2F9 /* Release */ = {
			isa = XCBuildConfiguration;
			buildSettings = {
				HEADER_SEARCH_PATHS = (
					./EnumBitmask/EnumBitMask,
					./EnumBitmask/unittests,
				);
				PRODUCT_NAME = "$(TARGET_NAME)";
			};
			name = Release;
		};
/* End XCBuildConfiguration section */

/* Begin XCConfigurationList section */
		D996A7241C45B89900F3B2F9 /* Build configuration list for PBXProject "SVGRasterizer" */ = {
			isa = XCConfigurationList;
			buildConfigurations = (
				D996A72E1C45B89900F3B2F9 /* Debug */,
				D996A72F1C45B89900F3B2F9 /* Release */,
			);
			defaultConfigurationIsVisible = 0;
			defaultConfigurationName = Release;
		};
		D996A7301C45B89900F3B2F9 /* Build configuration list for PBXNativeTarget "SVGRasterizer" */ = {
			isa = XCConfigurationList;
			buildConfigurations = (
				D996A7311C45B89900F3B2F9 /* Debug */,
				D996A7321C45B89900F3B2F9 /* Release */,
			);
			defaultConfigurationIsVisible = 0;
			defaultConfigurationName = Release;
		};
/* End XCConfigurationList section */
	};
	rootObject = D996A7211C45B89900F3B2F9 /* Project object */;
}
